# generated by rye
# use `rye lock` or `rye sync` to update this lockfile
#
# last locked with the following flags:
#   pre: false
#   features: []
#   all-features: false
#   with-sources: false
#   generate-hashes: false
#   universal: false

-e file:.
chardet==5.2.0
    # via mot-toolkit
loguru==0.7.2
    # via mot-toolkit
numpy==2.1.0
    # via opencv-python
opencv-python==4.10.0.84
    # via mot-toolkit
pyperclip==1.9.0
    # via mot-toolkit
pyside6==6.7.2
    # via mot-toolkit
pyside6-addons==6.7.2
    # via pyside6
pyside6-essentials==6.7.2
    # via pyside6
    # via pyside6-addons
shiboken6==6.7.2
    # via pyside6
    # via pyside6-addons
    # via pyside6-essentials
